PODS:
  - Flutter (1.0.0)
  - flutter_secure_storage (6.0.0):
    - Flutter
  - FMDB (2.7.10):
    - FMDB/standard (= 2.7.10)
  - FMDB/standard (2.7.10)
  - native_flutter_proxy (0.0.1):
    - Flutter
  - path_provider_foundation (0.0.1):
    - Flutter
    - FlutterMacOS
  - sqflite (0.0.3):
    - Flutter
    - FMDB (>= 2.7.5)
  - url_launcher_ios (0.0.1):
    - Flutter

DEPENDENCIES:
  - Flutter (from `Flutter`)
  - flutter_secure_storage (from `.symlinks/plugins/flutter_secure_storage/ios`)
  - native_flutter_proxy (from `.symlinks/plugins/native_flutter_proxy/ios`)
  - path_provider_foundation (from `.symlinks/plugins/path_provider_foundation/darwin`)
  - sqflite (from `.symlinks/plugins/sqflite/ios`)
  - url_launcher_ios (from `.symlinks/plugins/url_launcher_ios/ios`)

SPEC REPOS:
  trunk:
    - FMDB

EXTERNAL SOURCES:
  Flutter:
    :path: Flutter
  flutter_secure_storage:
    :path: ".symlinks/plugins/flutter_secure_storage/ios"
  native_flutter_proxy:
    :path: ".symlinks/plugins/native_flutter_proxy/ios"
  path_provider_foundation:
    :path: ".symlinks/plugins/path_provider_foundation/darwin"
  sqflite:
    :path: ".symlinks/plugins/sqflite/ios"
  url_launcher_ios:
    :path: ".symlinks/plugins/url_launcher_ios/ios"

SPEC CHECKSUMS:
  Flutter: f04841e97a9d0b0a8025694d0796dd46242b2854
  flutter_secure_storage: 23fc622d89d073675f2eaa109381aefbcf5a49be
  FMDB: eae540775bf7d0c87a5af926ae37af69effe5a19
  native_flutter_proxy: 9d5ce4f6db3e1bf1e0c796020393f6500abd3126
  path_provider_foundation: eaf5b3e458fc0e5fbb9940fb09980e853fe058b8
  sqflite: 31f7eba61e3074736dff8807a9b41581e4f7f15a
  url_launcher_ios: 68d46cc9766d0c41dbdc884310529557e3cd7a86

PODFILE CHECKSUM: 819463e6a0290f5a72f145ba7cde16e8b6ef0796

COCOAPODS: 1.13.0
